
Microsoft Visual Studio Solution File, Format Version 12.00
# Visual Studio Version 17
VisualStudioVersion = 17.8.34316.72
MinimumVisualStudioVersion = 10.0.40219.1
Project("{9A19103F-16F7-4668-BE54-9A1E7A4F7556}") = "iyibir.TMGD.Module", "iyibir.TMGD.Module\iyibir.TMGD.Module.csproj", "{DABFC3D1-D050-46A5-BFCA-F993564E306E}"
EndProject
Project("{9A19103F-16F7-4668-BE54-9A1E7A4F7556}") = "iyibir.TMGD.Module.Win", "iyibir.TMGD.Module.Win\iyibir.TMGD.Module.Win.csproj", "{151B173C-498C-4627-A1A9-99CE8396D3E7}"
EndProject
Project("{9A19103F-16F7-4668-BE54-9A1E7A4F7556}") = "iyibir.TMGD.Win", "iyibir.TMGD.Win\iyibir.TMGD.Win.csproj", "{F6559086-647C-4806-86DC-6C0F5232BC72}"
EndProject
Project("{FAE04EC0-301F-11D3-BF4B-00C04F79EFBC}") = "iyibir.TMGD.Blazor.Server", "iyibir.TMGD.Blazor.Server\iyibir.TMGD.Blazor.Server.csproj", "{FA2007FB-121F-4412-BF02-DA445429E419}"
EndProject
Global
	GlobalSection(SolutionConfigurationPlatforms) = preSolution
		Debug|Any CPU = Debug|Any CPU
		EasyTest|Any CPU = EasyTest|Any CPU
		Release|Any CPU = Release|Any CPU
	EndGlobalSection
	GlobalSection(ProjectConfigurationPlatforms) = postSolution
		{DABFC3D1-D050-46A5-BFCA-F993564E306E}.Debug|Any CPU.ActiveCfg = Debug|Any CPU
		{DABFC3D1-D050-46A5-BFCA-F993564E306E}.Debug|Any CPU.Build.0 = Debug|Any CPU
		{DABFC3D1-D050-46A5-BFCA-F993564E306E}.EasyTest|Any CPU.ActiveCfg = EasyTest|Any CPU
		{DABFC3D1-D050-46A5-BFCA-F993564E306E}.EasyTest|Any CPU.Build.0 = EasyTest|Any CPU
		{DABFC3D1-D050-46A5-BFCA-F993564E306E}.Release|Any CPU.ActiveCfg = Release|Any CPU
		{DABFC3D1-D050-46A5-BFCA-F993564E306E}.Release|Any CPU.Build.0 = Release|Any CPU
		{151B173C-498C-4627-A1A9-99CE8396D3E7}.Debug|Any CPU.ActiveCfg = Debug|Any CPU
		{151B173C-498C-4627-A1A9-99CE8396D3E7}.Debug|Any CPU.Build.0 = Debug|Any CPU
		{151B173C-498C-4627-A1A9-99CE8396D3E7}.EasyTest|Any CPU.ActiveCfg = EasyTest|Any CPU
		{151B173C-498C-4627-A1A9-99CE8396D3E7}.EasyTest|Any CPU.Build.0 = EasyTest|Any CPU
		{151B173C-498C-4627-A1A9-99CE8396D3E7}.Release|Any CPU.ActiveCfg = Release|Any CPU
		{151B173C-498C-4627-A1A9-99CE8396D3E7}.Release|Any CPU.Build.0 = Release|Any CPU
		{F6559086-647C-4806-86DC-6C0F5232BC72}.Debug|Any CPU.ActiveCfg = Debug|Any CPU
		{F6559086-647C-4806-86DC-6C0F5232BC72}.Debug|Any CPU.Build.0 = Debug|Any CPU
		{F6559086-647C-4806-86DC-6C0F5232BC72}.EasyTest|Any CPU.ActiveCfg = EasyTest|Any CPU
		{F6559086-647C-4806-86DC-6C0F5232BC72}.EasyTest|Any CPU.Build.0 = EasyTest|Any CPU
		{F6559086-647C-4806-86DC-6C0F5232BC72}.Release|Any CPU.ActiveCfg = Release|Any CPU
		{F6559086-647C-4806-86DC-6C0F5232BC72}.Release|Any CPU.Build.0 = Release|Any CPU
		{FA2007FB-121F-4412-BF02-DA445429E419}.Debug|Any CPU.ActiveCfg = Debug|Any CPU
		{FA2007FB-121F-4412-BF02-DA445429E419}.Debug|Any CPU.Build.0 = Debug|Any CPU
		{FA2007FB-121F-4412-BF02-DA445429E419}.EasyTest|Any CPU.ActiveCfg = EasyTest|Any CPU
		{FA2007FB-121F-4412-BF02-DA445429E419}.EasyTest|Any CPU.Build.0 = EasyTest|Any CPU
		{FA2007FB-121F-4412-BF02-DA445429E419}.Release|Any CPU.ActiveCfg = Release|Any CPU
		{FA2007FB-121F-4412-BF02-DA445429E419}.Release|Any CPU.Build.0 = Release|Any CPU
	EndGlobalSection
	GlobalSection(SolutionProperties) = preSolution
		HideSolutionNode = FALSE
	EndGlobalSection
	GlobalSection(ExtensibilityGlobals) = postSolution
		SolutionGuid = {8786AC71-A49B-4377-A73F-94BE8CA24E73}
	EndGlobalSection
EndGlobal
